
Microsoft Visual Studio Solution File, Format Version 12.00
# Visual Studio 15
VisualStudioVersion = 15.0.27004.2008
MinimumVisualStudioVersion = 10.0.40219.1
Project("{2150E333-8FDC-42A3-9474-1A3956D46DE8}") = "Doc", "Doc", "{F9EF17EE-F88C-4DD9-8462-C63B110DDB99}"
	ProjectSection(SolutionItems) = preProject
		..\README.md = ..\README.md
	EndProjectSection
EndProject
Project("{FAE04EC0-301F-11D3-BF4B-00C04F79EFBC}") = "ImageRecognition.Demos", "ImageRecognition.Demos\ImageRecognition.Demos.csproj", "{271296A7-A1FF-413B-9F27-D0E28049045E}"
EndProject
Project("{FAE04EC0-301F-11D3-BF4B-00C04F79EFBC}") = "ImageRecognition.Demos.WindowsForms", "ImageRecognition.Demos.WindowsForms\ImageRecognition.Demos.WindowsForms.csproj", "{14B46691-226A-494D-9480-B20C2F7D0564}"
EndProject
Global
	GlobalSection(SolutionConfigurationPlatforms) = preSolution
		Debug|Any CPU = Debug|Any CPU
		Release|Any CPU = Release|Any CPU
	EndGlobalSection
	GlobalSection(ProjectConfigurationPlatforms) = postSolution
		{271296A7-A1FF-413B-9F27-D0E28049045E}.Debug|Any CPU.ActiveCfg = Debug|Any CPU
		{271296A7-A1FF-413B-9F27-D0E28049045E}.Debug|Any CPU.Build.0 = Debug|Any CPU
		{271296A7-A1FF-413B-9F27-D0E28049045E}.Release|Any CPU.ActiveCfg = Release|Any CPU
		{271296A7-A1FF-413B-9F27-D0E28049045E}.Release|Any CPU.Build.0 = Release|Any CPU
		{14B46691-226A-494D-9480-B20C2F7D0564}.Debug|Any CPU.ActiveCfg = Debug|Any CPU
		{14B46691-226A-494D-9480-B20C2F7D0564}.Debug|Any CPU.Build.0 = Debug|Any CPU
		{14B46691-226A-494D-9480-B20C2F7D0564}.Release|Any CPU.ActiveCfg = Release|Any CPU
		{14B46691-226A-494D-9480-B20C2F7D0564}.Release|Any CPU.Build.0 = Release|Any CPU
	EndGlobalSection
	GlobalSection(SolutionProperties) = preSolution
		HideSolutionNode = FALSE
	EndGlobalSection
	GlobalSection(ExtensibilityGlobals) = postSolution
		SolutionGuid = {1FD22940-77C3-4790-B196-08DD64A2086C}
	EndGlobalSection
EndGlobal
